// !$*UTF8*$!
{
	archiveVersion = 1;
	classes = {
	};
	objectVersion = 46;
	objects = {

/* Begin PBXBuildFile section */
		F70967D01AA8FF01000839C5 /* LoginViewController.swift in Sources */ = {isa = PBXBuildFile; fileRef = F70967CF1AA8FF01000839C5 /* LoginViewController.swift */; };
		F70967D21AA91600000839C5 /* AddPost.swift in Sources */ = {isa = PBXBuildFile; fileRef = F70967D11AA91600000839C5 /* AddPost.swift */; };
		F74C871E1AA9FAC60057BB4D /* PostViewController.swift in Sources */ = {isa = PBXBuildFile; fileRef = F74C871D1AA9FAC60057BB4D /* PostViewController.swift */; };
		F77956941AA98D3500BD42C9 /* Post.swift in Sources */ = {isa = PBXBuildFile; fileRef = F77956931AA98D3500BD42C9 /* Post.swift */; };
		F797CD721A93E41900DA9509 /* AppDelegate.swift in Sources */ = {isa = PBXBuildFile; fileRef = F797CD711A93E41900DA9509 /* AppDelegate.swift */; };
		F797CD741A93E41900DA9509 /* CalendarViewController.swift in Sources */ = {isa = PBXBuildFile; fileRef = F797CD731A93E41900DA9509 /* CalendarViewController.swift */; };
		F797CD761A93E41900DA9509 /* ForumViewController.swift in Sources */ = {isa = PBXBuildFile; fileRef = F797CD751A93E41900DA9509 /* ForumViewController.swift */; };
		F797CD791A93E41900DA9509 /* Main.storyboard in Resources */ = {isa = PBXBuildFile; fileRef = F797CD771A93E41900DA9509 /* Main.storyboard */; };
		F797CD7B1A93E41900DA9509 /* Images.xcassets in Resources */ = {isa = PBXBuildFile; fileRef = F797CD7A1A93E41900DA9509 /* Images.xcassets */; };
		F797CD7E1A93E41900DA9509 /* LaunchScreen.xib in Resources */ = {isa = PBXBuildFile; fileRef = F797CD7C1A93E41900DA9509 /* LaunchScreen.xib */; };
		F797CD8A1A93E41A00DA9509 /* ClassiCalTests.swift in Sources */ = {isa = PBXBuildFile; fileRef = F797CD891A93E41A00DA9509 /* ClassiCalTests.swift */; };
		F797CD941A9B897000DA9509 /* ChattingViewController.swift in Sources */ = {isa = PBXBuildFile; fileRef = F797CD931A9B897000DA9509 /* ChattingViewController.swift */; };
		F797CD961A9F6ECD00DA9509 /* PersonViewController.swift in Sources */ = {isa = PBXBuildFile; fileRef = F797CD951A9F6ECD00DA9509 /* PersonViewController.swift */; };
/* End PBXBuildFile section */

/* Begin PBXContainerItemProxy section */
		F797CD841A93E41900DA9509 /* PBXContainerItemProxy */ = {
			isa = PBXContainerItemProxy;
			containerPortal = F797CD641A93E41900DA9509 /* Project object */;
			proxyType = 1;
			remoteGlobalIDString = F797CD6B1A93E41900DA9509;
			remoteInfo = ClassiCal;
		};
/* End PBXContainerItemProxy section */

/* Begin PBXFileReference section */
		F70967CF1AA8FF01000839C5 /* LoginViewController.swift */ = {isa = PBXFileReference; fileEncoding = 4; lastKnownFileType = sourcecode.swift; path = LoginViewController.swift; sourceTree = "<group>"; };
		F70967D11AA91600000839C5 /* AddPost.swift */ = {isa = PBXFileReference; fileEncoding = 4; lastKnownFileType = sourcecode.swift; path = AddPost.swift; sourceTree = "<group>"; };
		F74C871D1AA9FAC60057BB4D /* PostViewController.swift */ = {isa = PBXFileReference; fileEncoding = 4; lastKnownFileType = sourcecode.swift; path = PostViewController.swift; sourceTree = "<group>"; };
		F77956931AA98D3500BD42C9 /* Post.swift */ = {isa = PBXFileReference; fileEncoding = 4; lastKnownFileType = sourcecode.swift; path = Post.swift; sourceTree = "<group>"; };
		F797CD6C1A93E41900DA9509 /* ClassiCal.app */ = {isa = PBXFileReference; explicitFileType = wrapper.application; includeInIndex = 0; path = ClassiCal.app; sourceTree = BUILT_PRODUCTS_DIR; };
		F797CD701A93E41900DA9509 /* Info.plist */ = {isa = PBXFileReference; lastKnownFileType = text.plist.xml; path = Info.plist; sourceTree = "<group>"; };
		F797CD711A93E41900DA9509 /* AppDelegate.swift */ = {isa = PBXFileReference; lastKnownFileType = sourcecode.swift; path = AppDelegate.swift; sourceTree = "<group>"; };
		F797CD731A93E41900DA9509 /* CalendarViewController.swift */ = {isa = PBXFileReference; lastKnownFileType = sourcecode.swift; path = CalendarViewController.swift; sourceTree = "<group>"; };
		F797CD751A93E41900DA9509 /* ForumViewController.swift */ = {isa = PBXFileReference; lastKnownFileType = sourcecode.swift; path = ForumViewController.swift; sourceTree = "<group>"; };
		F797CD781A93E41900DA9509 /* Base */ = {isa = PBXFileReference; lastKnownFileType = file.storyboard; name = Base; path = Base.lproj/Main.storyboard; sourceTree = "<group>"; };
		F797CD7A1A93E41900DA9509 /* Images.xcassets */ = {isa = PBXFileReference; lastKnownFileType = folder.assetcatalog; path = Images.xcassets; sourceTree = "<group>"; };
		F797CD7D1A93E41900DA9509 /* Base */ = {isa = PBXFileReference; lastKnownFileType = file.xib; name = Base; path = Base.lproj/LaunchScreen.xib; sourceTree = "<group>"; };
		F797CD831A93E41900DA9509 /* ClassiCalTests.xctest */ = {isa = PBXFileReference; explicitFileType = wrapper.cfbundle; includeInIndex = 0; path = ClassiCalTests.xctest; sourceTree = BUILT_PRODUCTS_DIR; };
		F797CD881A93E41900DA9509 /* Info.plist */ = {isa = PBXFileReference; lastKnownFileType = text.plist.xml; path = Info.plist; sourceTree = "<group>"; };
		F797CD891A93E41A00DA9509 /* ClassiCalTests.swift */ = {isa = PBXFileReference; lastKnownFileType = sourcecode.swift; path = ClassiCalTests.swift; sourceTree = "<group>"; };
		F797CD931A9B897000DA9509 /* ChattingViewController.swift */ = {isa = PBXFileReference; fileEncoding = 4; lastKnownFileType = sourcecode.swift; path = ChattingViewController.swift; sourceTree = "<group>"; };
		F797CD951A9F6ECD00DA9509 /* PersonViewController.swift */ = {isa = PBXFileReference; fileEncoding = 4; lastKnownFileType = sourcecode.swift; path = PersonViewController.swift; sourceTree = "<group>"; };
/* End PBXFileReference section */

/* Begin PBXFrameworksBuildPhase section */
		F797CD691A93E41900DA9509 /* Frameworks */ = {
			isa = PBXFrameworksBuildPhase;
			buildActionMask = 2147483647;
			files = (
			);
			runOnlyForDeploymentPostprocessing = 0;
		};
		F797CD801A93E41900DA9509 /* Frameworks */ = {
			isa = PBXFrameworksBuildPhase;
			buildActionMask = 2147483647;
			files = (
			);
			runOnlyForDeploymentPostprocessing = 0;
		};
/* End PBXFrameworksBuildPhase section */

/* Begin PBXGroup section */
		F797CD631A93E41900DA9509 = {
			isa = PBXGroup;
			children = (
				F797CD6E1A93E41900DA9509 /* ClassiCal */,
				F797CD861A93E41900DA9509 /* ClassiCalTests */,
				F797CD6D1A93E41900DA9509 /* Products */,
			);
			sourceTree = "<group>";
		};
		F797CD6D1A93E41900DA9509 /* Products */ = {
			isa = PBXGroup;
			children = (
				F797CD6C1A93E41900DA9509 /* ClassiCal.app */,
				F797CD831A93E41900DA9509 /* ClassiCalTests.xctest */,
			);
			name = Products;
			sourceTree = "<group>";
		};
		F797CD6E1A93E41900DA9509 /* ClassiCal */ = {
			isa = PBXGroup;
			children = (
				F797CD711A93E41900DA9509 /* AppDelegate.swift */,
				F797CD731A93E41900DA9509 /* CalendarViewController.swift */,
				F797CD931A9B897000DA9509 /* ChattingViewController.swift */,
				F797CD951A9F6ECD00DA9509 /* PersonViewController.swift */,
				F70967CF1AA8FF01000839C5 /* LoginViewController.swift */,
				F797CD751A93E41900DA9509 /* ForumViewController.swift */,
				F74C871D1AA9FAC60057BB4D /* PostViewController.swift */,
				F70967D11AA91600000839C5 /* AddPost.swift */,
				F77956931AA98D3500BD42C9 /* Post.swift */,
				F797CD771A93E41900DA9509 /* Main.storyboard */,
				F797CD7A1A93E41900DA9509 /* Images.xcassets */,
				F797CD7C1A93E41900DA9509 /* LaunchScreen.xib */,
				F797CD6F1A93E41900DA9509 /* Supporting Files */,
			);
			path = ClassiCal;
			sourceTree = "<group>";
		};
		F797CD6F1A93E41900DA9509 /* Supporting Files */ = {
			isa = PBXGroup;
			children = (
				F797CD701A93E41900DA9509 /* Info.plist */,
			);
			name = "Supporting Files";
			sourceTree = "<group>";
		};
		F797CD861A93E41900DA9509 /* ClassiCalTests */ = {
			isa = PBXGroup;
			children = (
				F797CD891A93E41A00DA9509 /* ClassiCalTests.swift */,
				F797CD871A93E41900DA9509 /* Supporting Files */,
			);
			path = ClassiCalTests;
			sourceTree = "<group>";
		};
		F797CD871A93E41900DA9509 /* Supporting Files */ = {
			isa = PBXGroup;
			children = (
				F797CD881A93E41900DA9509 /* Info.plist */,
			);
			name = "Supporting Files";
			sourceTree = "<group>";
		};
/* End PBXGroup section */

/* Begin PBXNativeTarget section */
		F797CD6B1A93E41900DA9509 /* ClassiCal */ = {
			isa = PBXNativeTarget;
			buildConfigurationList = F797CD8D1A93E41A00DA9509 /* Build configuration list for PBXNativeTarget "ClassiCal" */;
			buildPhases = (
				F797CD681A93E41900DA9509 /* Sources */,
				F797CD691A93E41900DA9509 /* Frameworks */,
				F797CD6A1A93E41900DA9509 /* Resources */,
			);
			buildRules = (
			);
			dependencies = (
			);
			name = ClassiCal;
			productName = ClassiCal;
			productReference = F797CD6C1A93E41900DA9509 /* ClassiCal.app */;
			productType = "com.apple.product-type.application";
		};
		F797CD821A93E41900DA9509 /* ClassiCalTests */ = {
			isa = PBXNativeTarget;
			buildConfigurationList = F797CD901A93E41A00DA9509 /* Build configuration list for PBXNativeTarget "ClassiCalTests" */;
			buildPhases = (
				F797CD7F1A93E41900DA9509 /* Sources */,
				F797CD801A93E41900DA9509 /* Frameworks */,
				F797CD811A93E41900DA9509 /* Resources */,
			);
			buildRules = (
			);
			dependencies = (
				F797CD851A93E41900DA9509 /* PBXTargetDependency */,
			);
			name = ClassiCalTests;
			productName = ClassiCalTests;
			productReference = F797CD831A93E41900DA9509 /* ClassiCalTests.xctest */;
			productType = "com.apple.product-type.bundle.unit-test";
		};
/* End PBXNativeTarget section */

/* Begin PBXProject section */
		F797CD641A93E41900DA9509 /* Project object */ = {
			isa = PBXProject;
			attributes = {
				LastUpgradeCheck = 0610;
				ORGANIZATIONNAME = "CS 307 Team 8";
				TargetAttributes = {
					F797CD6B1A93E41900DA9509 = {
						CreatedOnToolsVersion = 6.1.1;
					};
					F797CD821A93E41900DA9509 = {
						CreatedOnToolsVersion = 6.1.1;
						TestTargetID = F797CD6B1A93E41900DA9509;
					};
				};
			};
			buildConfigurationList = F797CD671A93E41900DA9509 /* Build configuration list for PBXProject "ClassiCal" */;
			compatibilityVersion = "Xcode 3.2";
			developmentRegion = English;
			hasScannedForEncodings = 0;
			knownRegions = (
				en,
				Base,
			);
			mainGroup = F797CD631A93E41900DA9509;
			productRefGroup = F797CD6D1A93E41900DA9509 /* Products */;
			projectDirPath = "";
			projectRoot = "";
			targets = (
				F797CD6B1A93E41900DA9509 /* ClassiCal */,
				F797CD821A93E41900DA9509 /* ClassiCalTests */,
			);
		};
/* End PBXProject section */

/* Begin PBXResourcesBuildPhase section */
		F797CD6A1A93E41900DA9509 /* Resources */ = {
			isa = PBXResourcesBuildPhase;
			buildActionMask = 2147483647;
			files = (
				F797CD791A93E41900DA9509 /* Main.storyboard in Resources */,
				F797CD7E1A93E41900DA9509 /* LaunchScreen.xib in Resources */,
				F797CD7B1A93E41900DA9509 /* Images.xcassets in Resources */,
			);
			runOnlyForDeploymentPostprocessing = 0;
		};
		F797CD811A93E41900DA9509 /* Resources */ = {
			isa = PBXResourcesBuildPhase;
			buildActionMask = 2147483647;
			files = (
			);
			runOnlyForDeploymentPostprocessing = 0;
		};
/* End PBXResourcesBuildPhase section */

/* Begin PBXSourcesBuildPhase section */
		F797CD681A93E41900DA9509 /* Sources */ = {
			isa = PBXSourcesBuildPhase;
			buildActionMask = 2147483647;
			files = (
				F74C871E1AA9FAC60057BB4D /* PostViewController.swift in Sources */,
				F70967D01AA8FF01000839C5 /* LoginViewController.swift in Sources */,
				F797CD961A9F6ECD00DA9509 /* PersonViewController.swift in Sources */,
				F797CD761A93E41900DA9509 /* ForumViewController.swift in Sources */,
				F77956941AA98D3500BD42C9 /* Post.swift in Sources */,
				F797CD721A93E41900DA9509 /* AppDelegate.swift in Sources */,
				F797CD941A9B897000DA9509 /* ChattingViewController.swift in Sources */,
				F70967D21AA91600000839C5 /* AddPost.swift in Sources */,
				F797CD741A93E41900DA9509 /* CalendarViewController.swift in Sources */,
			);
			runOnlyForDeploymentPostprocessing = 0;
		};
		F797CD7F1A93E41900DA9509 /* Sources */ = {
			isa = PBXSourcesBuildPhase;
			buildActionMask = 2147483647;
			files = (
				F797CD8A1A93E41A00DA9509 /* ClassiCalTests.swift in Sources */,
			);
			runOnlyForDeploymentPostprocessing = 0;
		};
/* End PBXSourcesBuildPhase section */

/* Begin PBXTargetDependency section */
		F797CD851A93E41900DA9509 /* PBXTargetDependency */ = {
			isa = PBXTargetDependency;
			target = F797CD6B1A93E41900DA9509 /* ClassiCal */;
			targetProxy = F797CD841A93E41900DA9509 /* PBXContainerItemProxy */;
		};
/* End PBXTargetDependency section */

/* Begin PBXVariantGroup section */
		F797CD771A93E41900DA9509 /* Main.storyboard */ = {
			isa = PBXVariantGroup;
			children = (
				F797CD781A93E41900DA9509 /* Base */,
			);
			name = Main.storyboard;
			sourceTree = "<group>";
		};
		F797CD7C1A93E41900DA9509 /* LaunchScreen.xib */ = {
			isa = PBXVariantGroup;
			children = (
				F797CD7D1A93E41900DA9509 /* Base */,
			);
			name = LaunchScreen.xib;
			sourceTree = "<group>";
		};
/* End PBXVariantGroup section */

/* Begin XCBuildConfiguration section */
		F797CD8B1A93E41A00DA9509 /* Debug */ = {
			isa = XCBuildConfiguration;
			buildSettings = {
				ALWAYS_SEARCH_USER_PATHS = NO;
				CLANG_CXX_LANGUAGE_STANDARD = "gnu++0x";
				CLANG_CXX_LIBRARY = "libc++";
				CLANG_ENABLE_MODULES = YES;
				CLANG_ENABLE_OBJC_ARC = YES;
				CLANG_WARN_BOOL_CONVERSION = YES;
				CLANG_WARN_CONSTANT_CONVERSION = YES;
				CLANG_WARN_DIRECT_OBJC_ISA_USAGE = YES_ERROR;
				CLANG_WARN_EMPTY_BODY = YES;
				CLANG_WARN_ENUM_CONVERSION = YES;
				CLANG_WARN_INT_CONVERSION = YES;
				CLANG_WARN_OBJC_ROOT_CLASS = YES_ERROR;
				CLANG_WARN_UNREACHABLE_CODE = YES;
				CLANG_WARN__DUPLICATE_METHOD_MATCH = YES;
				"CODE_SIGN_IDENTITY[sdk=iphoneos*]" = "iPhone Developer";
				COPY_PHASE_STRIP = NO;
				ENABLE_STRICT_OBJC_MSGSEND = YES;
				GCC_C_LANGUAGE_STANDARD = gnu99;
				GCC_DYNAMIC_NO_PIC = NO;
				GCC_OPTIMIZATION_LEVEL = 0;
				GCC_PREPROCESSOR_DEFINITIONS = (
					"DEBUG=1",
					"$(inherited)",
				);
				GCC_SYMBOLS_PRIVATE_EXTERN = NO;
				GCC_WARN_64_TO_32_BIT_CONVERSION = YES;
				GCC_WARN_ABOUT_RETURN_TYPE = YES_ERROR;
				GCC_WARN_UNDECLARED_SELECTOR = YES;
				GCC_WARN_UNINITIALIZED_AUTOS = YES_AGGRESSIVE;
				GCC_WARN_UNUSED_FUNCTION = YES;
				GCC_WARN_UNUSED_VARIABLE = YES;
				IPHONEOS_DEPLOYMENT_TARGET = 8.1;
				MTL_ENABLE_DEBUG_INFO = YES;
				ONLY_ACTIVE_ARCH = YES;
				SDKROOT = iphoneos;
				SWIFT_OPTIMIZATION_LEVEL = "-Onone";
			};
			name = Debug;
		};
		F797CD8C1A93E41A00DA9509 /* Release */ = {
			isa = XCBuildConfiguration;
			buildSettings = {
				ALWAYS_SEARCH_USER_PATHS = NO;
				CLANG_CXX_LANGUAGE_STANDARD = "gnu++0x";
				CLANG_CXX_LIBRARY = "libc++";
				CLANG_ENABLE_MODULES = YES;
				CLANG_ENABLE_OBJC_ARC = YES;
				CLANG_WARN_BOOL_CONVERSION = YES;
				CLANG_WARN_CONSTANT_CONVERSION = YES;
				CLANG_WARN_DIRECT_OBJC_ISA_USAGE = YES_ERROR;
				CLANG_WARN_EMPTY_BODY = YES;
				CLANG_WARN_ENUM_CONVERSION = YES;
				CLANG_WARN_INT_CONVERSION = YES;
				CLANG_WARN_OBJC_ROOT_CLASS = YES_ERROR;
				CLANG_WARN_UNREACHABLE_CODE = YES;
				CLANG_WARN__DUPLICATE_METHOD_MATCH = YES;
				"CODE_SIGN_IDENTITY[sdk=iphoneos*]" = "iPhone Developer";
				COPY_PHASE_STRIP = YES;
				ENABLE_NS_ASSERTIONS = NO;
				ENABLE_STRICT_OBJC_MSGSEND = YES;
				GCC_C_LANGUAGE_STANDARD = gnu99;
				GCC_WARN_64_TO_32_BIT_CONVERSION = YES;
				GCC_WARN_ABOUT_RETURN_TYPE = YES_ERROR;
				GCC_WARN_UNDECLARED_SELECTOR = YES;
				GCC_WARN_UNINITIALIZED_AUTOS = YES_AGGRESSIVE;
				GCC_WARN_UNUSED_FUNCTION = YES;
				GCC_WARN_UNUSED_VARIABLE = YES;
				IPHONEOS_DEPLOYMENT_TARGET = 8.1;
				MTL_ENABLE_DEBUG_INFO = NO;
				SDKROOT = iphoneos;
				VALIDATE_PRODUCT = YES;
			};
			name = Release;
		};
		F797CD8E1A93E41A00DA9509 /* Debug */ = {
			isa = XCBuildConfiguration;
			buildSettings = {
				ASSETCATALOG_COMPILER_APPICON_NAME = AppIcon;
				INFOPLIST_FILE = ClassiCal/Info.plist;
				LD_RUNPATH_SEARCH_PATHS = "$(inherited) @executable_path/Frameworks";
				PRODUCT_NAME = "$(TARGET_NAME)";
			};
			name = Debug;
		};
		F797CD8F1A93E41A00DA9509 /* Release */ = {
			isa = XCBuildConfiguration;
			buildSettings = {
				ASSETCATALOG_COMPILER_APPICON_NAME = AppIcon;
				INFOPLIST_FILE = ClassiCal/Info.plist;
				LD_RUNPATH_SEARCH_PATHS = "$(inherited) @executable_path/Frameworks";
				PRODUCT_NAME = "$(TARGET_NAME)";
			};
			name = Release;
		};
		F797CD911A93E41A00DA9509 /* Debug */ = {
			isa = XCBuildConfiguration;
			buildSettings = {
				BUNDLE_LOADER = "$(TEST_HOST)";
				FRAMEWORK_SEARCH_PATHS = (
					"$(SDKROOT)/Developer/Library/Frameworks",
					"$(inherited)",
				);
				GCC_PREPROCESSOR_DEFINITIONS = (
					"DEBUG=1",
					"$(inherited)",
				);
				INFOPLIST_FILE = ClassiCalTests/Info.plist;
				LD_RUNPATH_SEARCH_PATHS = "$(inherited) @executable_path/Frameworks @loader_path/Frameworks";
				PRODUCT_NAME = "$(TARGET_NAME)";
				TEST_HOST = "$(BUILT_PRODUCTS_DIR)/ClassiCal.app/ClassiCal";
			};
			name = Debug;
		};
		F797CD921A93E41A00DA9509 /* Release */ = {
			isa = XCBuildConfiguration;
			buildSettings = {
				BUNDLE_LOADER = "$(TEST_HOST)";
				FRAMEWORK_SEARCH_PATHS = (
					"$(SDKROOT)/Developer/Library/Frameworks",
					"$(inherited)",
				);
				INFOPLIST_FILE = ClassiCalTests/Info.plist;
				LD_RUNPATH_SEARCH_PATHS = "$(inherited) @executable_path/Frameworks @loader_path/Frameworks";
				PRODUCT_NAME = "$(TARGET_NAME)";
				TEST_HOST = "$(BUILT_PRODUCTS_DIR)/ClassiCal.app/ClassiCal";
			};
			name = Release;
		};
/* End XCBuildConfiguration section */

/* Begin XCConfigurationList section */
		F797CD671A93E41900DA9509 /* Build configuration list for PBXProject "ClassiCal" */ = {
			isa = XCConfigurationList;
			buildConfigurations = (
				F797CD8B1A93E41A00DA9509 /* Debug */,
				F797CD8C1A93E41A00DA9509 /* Release */,
			);
			defaultConfigurationIsVisible = 0;
			defaultConfigurationName = Release;
		};
		F797CD8D1A93E41A00DA9509 /* Build configuration list for PBXNativeTarget "ClassiCal" */ = {
			isa = XCConfigurationList;
			buildConfigurations = (
				F797CD8E1A93E41A00DA9509 /* Debug */,
				F797CD8F1A93E41A00DA9509 /* Release */,
			);
			defaultConfigurationIsVisible = 0;
			defaultConfigurationName = Release;
		};
		F797CD901A93E41A00DA9509 /* Build configuration list for PBXNativeTarget "ClassiCalTests" */ = {
			isa = XCConfigurationList;
			buildConfigurations = (
				F797CD911A93E41A00DA9509 /* Debug */,
				F797CD921A93E41A00DA9509 /* Release */,
			);
			defaultConfigurationIsVisible = 0;
			defaultConfigurationName = Release;
		};
/* End XCConfigurationList section */
	};
	rootObject = F797CD641A93E41900DA9509 /* Project object */;
}
